
Microsoft Visual Studio Solution File, Format Version 12.00
# Visual Studio Version 16
VisualStudioVersion = 16.0.31229.75
MinimumVisualStudioVersion = 10.0.40219.1
Project("{2150E333-8FDC-42A3-9474-1A3956D46DE8}") = "APP", "APP", "{91AF7F2B-57C9-4EFF-B1DA-5AB4A612F2B6}"
EndProject
Project("{2150E333-8FDC-42A3-9474-1A3956D46DE8}") = "API", "API", "{9C9B1C71-559E-495C-841F-0717EB6D667F}"
EndProject
Project("{2150E333-8FDC-42A3-9474-1A3956D46DE8}") = "UI", "UI", "{31BD7D80-F821-486D-9FE4-16A5930C920F}"
EndProject
Project("{2150E333-8FDC-42A3-9474-1A3956D46DE8}") = "Tests", "Tests", "{F7F10BD6-5191-4AF3-A5A1-5AE3458FC521}"
EndProject
Project("{9A19103F-16F7-4668-BE54-9A1E7A4F7556}") = "API.Management", "API.Management\API.Management.csproj", "{8098B5AF-F219-4E52-9774-6DE961724C9F}"
EndProject
Project("{9A19103F-16F7-4668-BE54-9A1E7A4F7556}") = "API.Site", "API.Site\API.Site.csproj", "{42909812-E9BB-4FED-8506-5BFAA1D20584}"
EndProject
Project("{9A19103F-16F7-4668-BE54-9A1E7A4F7556}") = "UI.Management", "UI.Management\UI.Management.csproj", "{09F5BA8F-C179-4E2E-A9B8-EF43DA64E314}"
EndProject
Project("{9A19103F-16F7-4668-BE54-9A1E7A4F7556}") = "UI.Site", "UI.Site\UI.Site.csproj", "{FE65AD35-A447-4A70-96B1-BF6525E76971}"
EndProject
Project("{9A19103F-16F7-4668-BE54-9A1E7A4F7556}") = "DataAccess", "DataAccess\DataAccess.csproj", "{17E232EE-B0FC-4327-8D7D-1653AC174868}"
EndProject
Project("{9A19103F-16F7-4668-BE54-9A1E7A4F7556}") = "Entities", "Entities\Entities.csproj", "{00E72454-99F6-4292-8EA8-839D09B544D6}"
EndProject
Project("{FAE04EC0-301F-11D3-BF4B-00C04F79EFBC}") = "Business(Domain)", "Business(Domain)\Business(Domain).csproj", "{0FBECDBA-8D65-4AAE-9D76-5E271737CB6A}"
EndProject
Global
	GlobalSection(SolutionConfigurationPlatforms) = preSolution
		Debug|Any CPU = Debug|Any CPU
		Release|Any CPU = Release|Any CPU
	EndGlobalSection
	GlobalSection(ProjectConfigurationPlatforms) = postSolution
		{8098B5AF-F219-4E52-9774-6DE961724C9F}.Debug|Any CPU.ActiveCfg = Debug|Any CPU
		{8098B5AF-F219-4E52-9774-6DE961724C9F}.Debug|Any CPU.Build.0 = Debug|Any CPU
		{8098B5AF-F219-4E52-9774-6DE961724C9F}.Release|Any CPU.ActiveCfg = Release|Any CPU
		{8098B5AF-F219-4E52-9774-6DE961724C9F}.Release|Any CPU.Build.0 = Release|Any CPU
		{42909812-E9BB-4FED-8506-5BFAA1D20584}.Debug|Any CPU.ActiveCfg = Debug|Any CPU
		{42909812-E9BB-4FED-8506-5BFAA1D20584}.Debug|Any CPU.Build.0 = Debug|Any CPU
		{42909812-E9BB-4FED-8506-5BFAA1D20584}.Release|Any CPU.ActiveCfg = Release|Any CPU
		{42909812-E9BB-4FED-8506-5BFAA1D20584}.Release|Any CPU.Build.0 = Release|Any CPU
		{09F5BA8F-C179-4E2E-A9B8-EF43DA64E314}.Debug|Any CPU.ActiveCfg = Debug|Any CPU
		{09F5BA8F-C179-4E2E-A9B8-EF43DA64E314}.Debug|Any CPU.Build.0 = Debug|Any CPU
		{09F5BA8F-C179-4E2E-A9B8-EF43DA64E314}.Release|Any CPU.ActiveCfg = Release|Any CPU
		{09F5BA8F-C179-4E2E-A9B8-EF43DA64E314}.Release|Any CPU.Build.0 = Release|Any CPU
		{FE65AD35-A447-4A70-96B1-BF6525E76971}.Debug|Any CPU.ActiveCfg = Debug|Any CPU
		{FE65AD35-A447-4A70-96B1-BF6525E76971}.Debug|Any CPU.Build.0 = Debug|Any CPU
		{FE65AD35-A447-4A70-96B1-BF6525E76971}.Release|Any CPU.ActiveCfg = Release|Any CPU
		{FE65AD35-A447-4A70-96B1-BF6525E76971}.Release|Any CPU.Build.0 = Release|Any CPU
		{17E232EE-B0FC-4327-8D7D-1653AC174868}.Debug|Any CPU.ActiveCfg = Debug|Any CPU
		{17E232EE-B0FC-4327-8D7D-1653AC174868}.Debug|Any CPU.Build.0 = Debug|Any CPU
		{17E232EE-B0FC-4327-8D7D-1653AC174868}.Release|Any CPU.ActiveCfg = Release|Any CPU
		{17E232EE-B0FC-4327-8D7D-1653AC174868}.Release|Any CPU.Build.0 = Release|Any CPU
		{00E72454-99F6-4292-8EA8-839D09B544D6}.Debug|Any CPU.ActiveCfg = Debug|Any CPU
		{00E72454-99F6-4292-8EA8-839D09B544D6}.Debug|Any CPU.Build.0 = Debug|Any CPU
		{00E72454-99F6-4292-8EA8-839D09B544D6}.Release|Any CPU.ActiveCfg = Release|Any CPU
		{00E72454-99F6-4292-8EA8-839D09B544D6}.Release|Any CPU.Build.0 = Release|Any CPU
		{0FBECDBA-8D65-4AAE-9D76-5E271737CB6A}.Debug|Any CPU.ActiveCfg = Debug|Any CPU
		{0FBECDBA-8D65-4AAE-9D76-5E271737CB6A}.Debug|Any CPU.Build.0 = Debug|Any CPU
		{0FBECDBA-8D65-4AAE-9D76-5E271737CB6A}.Release|Any CPU.ActiveCfg = Release|Any CPU
		{0FBECDBA-8D65-4AAE-9D76-5E271737CB6A}.Release|Any CPU.Build.0 = Release|Any CPU
	EndGlobalSection
	GlobalSection(SolutionProperties) = preSolution
		HideSolutionNode = FALSE
	EndGlobalSection
	GlobalSection(NestedProjects) = preSolution
		{9C9B1C71-559E-495C-841F-0717EB6D667F} = {91AF7F2B-57C9-4EFF-B1DA-5AB4A612F2B6}
		{31BD7D80-F821-486D-9FE4-16A5930C920F} = {91AF7F2B-57C9-4EFF-B1DA-5AB4A612F2B6}
		{F7F10BD6-5191-4AF3-A5A1-5AE3458FC521} = {91AF7F2B-57C9-4EFF-B1DA-5AB4A612F2B6}
		{8098B5AF-F219-4E52-9774-6DE961724C9F} = {9C9B1C71-559E-495C-841F-0717EB6D667F}
		{42909812-E9BB-4FED-8506-5BFAA1D20584} = {9C9B1C71-559E-495C-841F-0717EB6D667F}
		{09F5BA8F-C179-4E2E-A9B8-EF43DA64E314} = {31BD7D80-F821-486D-9FE4-16A5930C920F}
		{FE65AD35-A447-4A70-96B1-BF6525E76971} = {31BD7D80-F821-486D-9FE4-16A5930C920F}
		{17E232EE-B0FC-4327-8D7D-1653AC174868} = {91AF7F2B-57C9-4EFF-B1DA-5AB4A612F2B6}
		{00E72454-99F6-4292-8EA8-839D09B544D6} = {91AF7F2B-57C9-4EFF-B1DA-5AB4A612F2B6}
		{0FBECDBA-8D65-4AAE-9D76-5E271737CB6A} = {91AF7F2B-57C9-4EFF-B1DA-5AB4A612F2B6}
	EndGlobalSection
	GlobalSection(ExtensibilityGlobals) = postSolution
		SolutionGuid = {8C14CBE2-58FF-4AFD-BD84-9872C1B99DAD}
	EndGlobalSection
EndGlobal
